<?xml version="1.0" encoding="utf-8"?>
<Project ToolsVersion="4.0" xmlns="http://schemas.microsoft.com/developer/msbuild/2003">
  <ItemGroup>
    <ApplicationDefinition Include="App.xaml" />
  </ItemGroup>
  <ItemGroup>
    <Page Include="MainWindow.xaml" />
    <Page Include="DevWindow.xaml" />
    <Page Include="AddingAnimatediconButton.xaml">
      <Filter>Samples\AnimatedIcon</Filter>
    </Page>
    <Page Include="Themes\Generic.xaml" />
    <Page Include="TestControl.xaml" />
    <Page Include="XamlcTestPage.xaml" />
    <Page Include="TestDialog.xaml" />
    <Page Include="WETestWindow.xaml" />
  </ItemGroup>
  <ItemGroup>
    <Midl Include="MainWindow.idl" />
    <Midl Include="TaskDataRow.idl">
      <Filter>Samples\WinUI Essentials</Filter>
    </Midl>
    <Midl Include="TaskSampleViewModel.idl">
      <Filter>Samples\WinUI Essentials</Filter>
    </Midl>
  </ItemGroup>
  <ItemGroup>
    <ClCompile Include="pch.cpp" />
    <ClCompile Include="$(GeneratedFilesDir)module.g.cpp" />
    <ClCompile Include="DoubleToIntConverter.cpp" />
    <ClCompile Include="TaskDataRow.cpp">
      <Filter>Samples\WinUI Essentials</Filter>
    </ClCompile>
    <ClCompile Include="TaskSampleViewModel.cpp">
      <Filter>Samples\WinUI Essentials</Filter>
    </ClCompile>
  </ItemGroup>
  <ItemGroup>
    <ClInclude Include="pch.h" />
    <ClInclude Include="TaskDataRow.h">
      <Filter>Samples\WinUI Essentials</Filter>
    </ClInclude>
    <ClInclude Include="TaskSampleViewModel.h">
      <Filter>Samples\WinUI Essentials</Filter>
    </ClInclude>
  </ItemGroup>
  <ItemGroup>
    <Image Include="Assets\Wide310x150Logo.scale-200.png">
      <Filter>Assets</Filter>
    </Image>
    <Image Include="Assets\StoreLogo.png">
      <Filter>Assets</Filter>
    </Image>
    <Image Include="Assets\Square150x150Logo.scale-200.png">
      <Filter>Assets</Filter>
    </Image>
    <Image Include="Assets\Square44x44Logo.targetsize-24_altform-unplated.png">
      <Filter>Assets</Filter>
    </Image>
    <Image Include="Assets\Square44x44Logo.scale-200.png">
      <Filter>Assets</Filter>
    </Image>
    <Image Include="Assets\SplashScreen.scale-200.png">
      <Filter>Assets</Filter>
    </Image>
    <Image Include="Assets\LockScreenLogo.scale-200.png">
      <Filter>Assets</Filter>
    </Image>
  </ItemGroup>
  <ItemGroup>
    <Filter Include="Assets">
      <UniqueIdentifier>{a1fd3c3c-7f1f-420e-9135-f0ac2a719bca}</UniqueIdentifier>
    </Filter>
    <Filter Include="Samples\WinUI Essentials">
      <UniqueIdentifier>{f3420914-0316-4fb4-962f-a22e15a02e84}</UniqueIdentifier>
    </Filter>
    <Filter Include="Samples">
      <UniqueIdentifier>{56ad6681-29ac-4b0a-a2ef-9c94f3fb6e22}</UniqueIdentifier>
    </Filter>
    <Filter Include="Samples\AnimatedIcon">
      <UniqueIdentifier>{67ca6830-5b9c-4d09-a7f7-c81abeb9190c}</UniqueIdentifier>
    </Filter>
  </ItemGroup>
  <ItemGroup>
    <Text Include="readme.txt" />
  </ItemGroup>
  <ItemGroup>
    <Manifest Include="app.manifest" />
  </ItemGroup>
  <ItemGroup>
    <Natvis Include="$(MSBuildThisFileDirectory)..\..\natvis\wil.natvis" />
    <Natvis Include="$(MSBuildThisFileDirectory)..\..\natvis\wil.natstepfilter" />
  </ItemGroup>
  <ItemGroup>
    <AppxManifest Include="Package.appxmanifest" />
  </ItemGroup>
  <ItemGroup>
    <None Include="content.svg" />
    <None Include="embedded.svg" />
  </ItemGroup>
  <ItemGroup>
    <PRIResource Include="String\zh_CN\Resources.resw" />
  </ItemGroup>
</Project>